
Microsoft Visual Studio Solution File, Format Version 12.00
# Visual Studio 15
VisualStudioVersion = 15.0.27625.0
MinimumVisualStudioVersion = 10.0.40219.1
Project("{6EC3EE1D-3C4E-46DD-8F32-0CC8E7565705}") = "Ooui.Formlet", "src\Ooui.Formlet.fsproj", "{5959641D-EB46-4431-A84D-0417D964205F}"
EndProject
Project("{9A19103F-16F7-4668-BE54-9A1E7A4F7556}") = "Ooui", "Ooui\Ooui\Ooui.csproj", "{48DE314C-1594-4F61-8ED8-2313B8BABC2F}"
EndProject
Project("{9A19103F-16F7-4668-BE54-9A1E7A4F7556}") = "OouiOoui", "OouiOoui\OouiOoui.csproj", "{1AB941FE-19B0-4704-A3DE-DA500FAC27EA}"
EndProject
Project("{FAE04EC0-301F-11D3-BF4B-00C04F79EFBC}") = "OouiOoui.Console", "OouiOoui.Console\OouiOoui.Console.csproj", "{4F51B98B-1FCE-43C5-9CD8-47CC4FB9A076}"
EndProject
Global
	GlobalSection(SolutionConfigurationPlatforms) = preSolution
		Debug|Any CPU = Debug|Any CPU
		Release|Any CPU = Release|Any CPU
	EndGlobalSection
	GlobalSection(ProjectConfigurationPlatforms) = postSolution
		{5959641D-EB46-4431-A84D-0417D964205F}.Debug|Any CPU.ActiveCfg = Debug|Any CPU
		{5959641D-EB46-4431-A84D-0417D964205F}.Debug|Any CPU.Build.0 = Debug|Any CPU
		{5959641D-EB46-4431-A84D-0417D964205F}.Release|Any CPU.ActiveCfg = Release|Any CPU
		{5959641D-EB46-4431-A84D-0417D964205F}.Release|Any CPU.Build.0 = Release|Any CPU
		{48DE314C-1594-4F61-8ED8-2313B8BABC2F}.Debug|Any CPU.ActiveCfg = Debug|Any CPU
		{48DE314C-1594-4F61-8ED8-2313B8BABC2F}.Debug|Any CPU.Build.0 = Debug|Any CPU
		{48DE314C-1594-4F61-8ED8-2313B8BABC2F}.Release|Any CPU.ActiveCfg = Release|Any CPU
		{48DE314C-1594-4F61-8ED8-2313B8BABC2F}.Release|Any CPU.Build.0 = Release|Any CPU
		{1AB941FE-19B0-4704-A3DE-DA500FAC27EA}.Debug|Any CPU.ActiveCfg = Debug|Any CPU
		{1AB941FE-19B0-4704-A3DE-DA500FAC27EA}.Debug|Any CPU.Build.0 = Debug|Any CPU
		{1AB941FE-19B0-4704-A3DE-DA500FAC27EA}.Release|Any CPU.ActiveCfg = Release|Any CPU
		{1AB941FE-19B0-4704-A3DE-DA500FAC27EA}.Release|Any CPU.Build.0 = Release|Any CPU
		{4F51B98B-1FCE-43C5-9CD8-47CC4FB9A076}.Debug|Any CPU.ActiveCfg = Debug|Any CPU
		{4F51B98B-1FCE-43C5-9CD8-47CC4FB9A076}.Debug|Any CPU.Build.0 = Debug|Any CPU
		{4F51B98B-1FCE-43C5-9CD8-47CC4FB9A076}.Release|Any CPU.ActiveCfg = Release|Any CPU
		{4F51B98B-1FCE-43C5-9CD8-47CC4FB9A076}.Release|Any CPU.Build.0 = Release|Any CPU
	EndGlobalSection
	GlobalSection(SolutionProperties) = preSolution
		HideSolutionNode = FALSE
	EndGlobalSection
	GlobalSection(ExtensibilityGlobals) = postSolution
		SolutionGuid = {A2A09531-49AA-4409-8BBE-4CB042090751}
	EndGlobalSection
EndGlobal
